// !$*UTF8*$!
{
	archiveVersion = 1;
	classes = {
	};
	objectVersion = 56;
	objects = {

/* Begin PBXBuildFile section */
		139E21D4244D1E31B9BF3862 /* Pods_Transmeme.framework in Frameworks */ = {isa = PBXBuildFile; fileRef = 98A7778F2654E186EEBEC3A0 /* Pods_Transmeme.framework */; };
		1A061DAE2B021049006E5753 /* Test4ViewController.swift in Sources */ = {isa = PBXBuildFile; fileRef = 1A061DAD2B021049006E5753 /* Test4ViewController.swift */; };
		1A061DB02B021057006E5753 /* Test5ViewController.swift in Sources */ = {isa = PBXBuildFile; fileRef = 1A061DAF2B021057006E5753 /* Test5ViewController.swift */; };
		1A061DB22B02125D006E5753 /* Test6ViewController.swift in Sources */ = {isa = PBXBuildFile; fileRef = 1A061DB12B02125D006E5753 /* Test6ViewController.swift */; };
		1A061DB42B021263006E5753 /* Test7ViewController.swift in Sources */ = {isa = PBXBuildFile; fileRef = 1A061DB32B021263006E5753 /* Test7ViewController.swift */; };
		1A061DB62B021269006E5753 /* Test8ViewController.swift in Sources */ = {isa = PBXBuildFile; fileRef = 1A061DB52B021269006E5753 /* Test8ViewController.swift */; };
		1A061DB82B021270006E5753 /* Test9ViewController.swift in Sources */ = {isa = PBXBuildFile; fileRef = 1A061DB72B021270006E5753 /* Test9ViewController.swift */; };
		1A061DBA2B021279006E5753 /* Test10ViewController.swift in Sources */ = {isa = PBXBuildFile; fileRef = 1A061DB92B021279006E5753 /* Test10ViewController.swift */; };
		1A061DBC2B0212CB006E5753 /* TestEndViewController.swift in Sources */ = {isa = PBXBuildFile; fileRef = 1A061DBB2B0212CB006E5753 /* TestEndViewController.swift */; };
		1A061DBE2B03AD96006E5753 /* UILabel+Padding+Extension.swift in Sources */ = {isa = PBXBuildFile; fileRef = 1A061DBD2B03AD96006E5753 /* UILabel+Padding+Extension.swift */; };
		1A7450042AF669DF007B22B2 /* PreviewExtension.swift in Sources */ = {isa = PBXBuildFile; fileRef = 1A7450032AF669DF007B22B2 /* PreviewExtension.swift */; };
		1A7450062AF66B39007B22B2 /* DicViewController.swift in Sources */ = {isa = PBXBuildFile; fileRef = 1A7450052AF66B39007B22B2 /* DicViewController.swift */; };
		1AE474A72AFFC95800656093 /* Splash.png in Resources */ = {isa = PBXBuildFile; fileRef = 1AE474A62AFFC95800656093 /* Splash.png */; };
		1AF7C9392AFAC04300D7AA47 /* Test1ViewController.swift in Sources */ = {isa = PBXBuildFile; fileRef = 1AF7C9372AFA9A0700D7AA47 /* Test1ViewController.swift */; };
		1AF7C93B2AFB7B2400D7AA47 /* TestCorrectViewController.swift in Sources */ = {isa = PBXBuildFile; fileRef = 1AF7C93A2AFB7B2400D7AA47 /* TestCorrectViewController.swift */; };
		1AF7C93D2AFB7C3F00D7AA47 /* TestIncorrectViewController.swift in Sources */ = {isa = PBXBuildFile; fileRef = 1AF7C93C2AFB7C3F00D7AA47 /* TestIncorrectViewController.swift */; };
		1AF7C9432AFBCED400D7AA47 /* Test2ViewController.swift in Sources */ = {isa = PBXBuildFile; fileRef = 1AF7C9422AFBCED400D7AA47 /* Test2ViewController.swift */; };
		1AF7C9452AFBD27300D7AA47 /* Test3ViewController.swift in Sources */ = {isa = PBXBuildFile; fileRef = 1AF7C9442AFBD27300D7AA47 /* Test3ViewController.swift */; };
		7A695C4C2AFA9CCA00A30281 /* TabBarViewController.swift in Sources */ = {isa = PBXBuildFile; fileRef = 7A695C4B2AFA9CCA00A30281 /* TabBarViewController.swift */; };
		7A695C502AFAA5B700A30281 /* Splash.storyboard in Resources */ = {isa = PBXBuildFile; fileRef = 7A695C4F2AFAA5B700A30281 /* Splash.storyboard */; };
		7A695C5D2AFB97A100A30281 /* TransModel.swift in Sources */ = {isa = PBXBuildFile; fileRef = 7A695C5C2AFB97A100A30281 /* TransModel.swift */; };
		7A695C5F2AFB97AD00A30281 /* TestModel.swift in Sources */ = {isa = PBXBuildFile; fileRef = 7A695C5E2AFB97AD00A30281 /* TestModel.swift */; };
		7A695C612AFB97B600A30281 /* DicModel.swift in Sources */ = {isa = PBXBuildFile; fileRef = 7A695C602AFB97B600A30281 /* DicModel.swift */; };
		7A695C682AFE49CE00A30281 /* TransService.swift in Sources */ = {isa = PBXBuildFile; fileRef = 7A695C672AFE49CE00A30281 /* TransService.swift */; };
		7A695C6A2AFE4E5000A30281 /* TransSectionView.swift in Sources */ = {isa = PBXBuildFile; fileRef = 7A695C692AFE4E5000A30281 /* TransSectionView.swift */; };
		7A695C6C2AFFBFDC00A30281 /* TransSectionViewWithTwoLabels.swift in Sources */ = {isa = PBXBuildFile; fileRef = 7A695C6B2AFFBFDC00A30281 /* TransSectionViewWithTwoLabels.swift */; };
		7A704CEC2B03AA7D00A8515B /* UILabel+Padding+Extension.swift in Sources */ = {isa = PBXBuildFile; fileRef = 7A704CEB2B03AA7D00A8515B /* UILabel+Padding+Extension.swift */; };
		7A70BE222AF66456008BC964 /* UIColor+Extension.swift in Sources */ = {isa = PBXBuildFile; fileRef = 7A70BE212AF66456008BC964 /* UIColor+Extension.swift */; };
		7A70BE242AF6646F008BC964 /* UITextField+Extenstion.swift in Sources */ = {isa = PBXBuildFile; fileRef = 7A70BE232AF6646F008BC964 /* UITextField+Extenstion.swift */; };
		7A70BE262AF6648D008BC964 /* InsetTextField.swift in Sources */ = {isa = PBXBuildFile; fileRef = 7A70BE252AF6648D008BC964 /* InsetTextField.swift */; };
		7A70BE282AF664AB008BC964 /* UILabel+Extension.swift in Sources */ = {isa = PBXBuildFile; fileRef = 7A70BE272AF664AB008BC964 /* UILabel+Extension.swift */; };
		7A70BE302AF67369008BC964 /* TransViewController.swift in Sources */ = {isa = PBXBuildFile; fileRef = 7A70BE2F2AF67369008BC964 /* TransViewController.swift */; };
		7A70BE372AF90D88008BC964 /* GmarketSansBold.otf in Resources */ = {isa = PBXBuildFile; fileRef = 7A70BE342AF90D88008BC964 /* GmarketSansBold.otf */; };
		7A70BE382AF90D88008BC964 /* GmarketSansLight.otf in Resources */ = {isa = PBXBuildFile; fileRef = 7A70BE352AF90D88008BC964 /* GmarketSansLight.otf */; };
		7A70BE392AF90D88008BC964 /* GmarketSansMedium.otf in Resources */ = {isa = PBXBuildFile; fileRef = 7A70BE362AF90D88008BC964 /* GmarketSansMedium.otf */; };
		7A84B48A2AB7E97700845EF4 /* AppDelegate.swift in Sources */ = {isa = PBXBuildFile; fileRef = 7A84B4892AB7E97700845EF4 /* AppDelegate.swift */; };
		7A84B48C2AB7E97700845EF4 /* SceneDelegate.swift in Sources */ = {isa = PBXBuildFile; fileRef = 7A84B48B2AB7E97700845EF4 /* SceneDelegate.swift */; };
		7A84B4932AB7E97800845EF4 /* Assets.xcassets in Resources */ = {isa = PBXBuildFile; fileRef = 7A84B4922AB7E97800845EF4 /* Assets.xcassets */; };
/* End PBXBuildFile section */

/* Begin PBXFileReference section */
		116A96A5834CDB6001D8C18A /* Pods-Transmeme.debug.xcconfig */ = {isa = PBXFileReference; includeInIndex = 1; lastKnownFileType = text.xcconfig; name = "Pods-Transmeme.debug.xcconfig"; path = "Target Support Files/Pods-Transmeme/Pods-Transmeme.debug.xcconfig"; sourceTree = "<group>"; };
		1A061DAD2B021049006E5753 /* Test4ViewController.swift */ = {isa = PBXFileReference; lastKnownFileType = sourcecode.swift; path = Test4ViewController.swift; sourceTree = "<group>"; };
		1A061DAF2B021057006E5753 /* Test5ViewController.swift */ = {isa = PBXFileReference; lastKnownFileType = sourcecode.swift; path = Test5ViewController.swift; sourceTree = "<group>"; };
		1A061DB12B02125D006E5753 /* Test6ViewController.swift */ = {isa = PBXFileReference; lastKnownFileType = sourcecode.swift; path = Test6ViewController.swift; sourceTree = "<group>"; };
		1A061DB32B021263006E5753 /* Test7ViewController.swift */ = {isa = PBXFileReference; lastKnownFileType = sourcecode.swift; path = Test7ViewController.swift; sourceTree = "<group>"; };
		1A061DB52B021269006E5753 /* Test8ViewController.swift */ = {isa = PBXFileReference; lastKnownFileType = sourcecode.swift; path = Test8ViewController.swift; sourceTree = "<group>"; };
		1A061DB72B021270006E5753 /* Test9ViewController.swift */ = {isa = PBXFileReference; lastKnownFileType = sourcecode.swift; path = Test9ViewController.swift; sourceTree = "<group>"; };
		1A061DB92B021279006E5753 /* Test10ViewController.swift */ = {isa = PBXFileReference; lastKnownFileType = sourcecode.swift; path = Test10ViewController.swift; sourceTree = "<group>"; };
		1A061DBB2B0212CB006E5753 /* TestEndViewController.swift */ = {isa = PBXFileReference; lastKnownFileType = sourcecode.swift; path = TestEndViewController.swift; sourceTree = "<group>"; };
		1A061DBD2B03AD96006E5753 /* UILabel+Padding+Extension.swift */ = {isa = PBXFileReference; lastKnownFileType = sourcecode.swift; path = "UILabel+Padding+Extension.swift"; sourceTree = "<group>"; };
		1A7450032AF669DF007B22B2 /* PreviewExtension.swift */ = {isa = PBXFileReference; lastKnownFileType = sourcecode.swift; path = PreviewExtension.swift; sourceTree = "<group>"; };
		1A7450052AF66B39007B22B2 /* DicViewController.swift */ = {isa = PBXFileReference; lastKnownFileType = sourcecode.swift; path = DicViewController.swift; sourceTree = "<group>"; };
		1AE474A62AFFC95800656093 /* Splash.png */ = {isa = PBXFileReference; lastKnownFileType = image.png; name = Splash.png; path = ../../Splash.png; sourceTree = "<group>"; };
		1AF7C9372AFA9A0700D7AA47 /* Test1ViewController.swift */ = {isa = PBXFileReference; lastKnownFileType = sourcecode.swift; path = Test1ViewController.swift; sourceTree = "<group>"; };
		1AF7C93A2AFB7B2400D7AA47 /* TestCorrectViewController.swift */ = {isa = PBXFileReference; lastKnownFileType = sourcecode.swift; path = TestCorrectViewController.swift; sourceTree = "<group>"; };
		1AF7C93C2AFB7C3F00D7AA47 /* TestIncorrectViewController.swift */ = {isa = PBXFileReference; lastKnownFileType = sourcecode.swift; path = TestIncorrectViewController.swift; sourceTree = "<group>"; };
		1AF7C9422AFBCED400D7AA47 /* Test2ViewController.swift */ = {isa = PBXFileReference; lastKnownFileType = sourcecode.swift; path = Test2ViewController.swift; sourceTree = "<group>"; };
		1AF7C9442AFBD27300D7AA47 /* Test3ViewController.swift */ = {isa = PBXFileReference; lastKnownFileType = sourcecode.swift; path = Test3ViewController.swift; sourceTree = "<group>"; };
		7A695C4B2AFA9CCA00A30281 /* TabBarViewController.swift */ = {isa = PBXFileReference; lastKnownFileType = sourcecode.swift; path = TabBarViewController.swift; sourceTree = "<group>"; };
		7A695C4F2AFAA5B700A30281 /* Splash.storyboard */ = {isa = PBXFileReference; lastKnownFileType = file.storyboard; path = Splash.storyboard; sourceTree = "<group>"; };
		7A695C5C2AFB97A100A30281 /* TransModel.swift */ = {isa = PBXFileReference; lastKnownFileType = sourcecode.swift; path = TransModel.swift; sourceTree = "<group>"; };
		7A695C5E2AFB97AD00A30281 /* TestModel.swift */ = {isa = PBXFileReference; lastKnownFileType = sourcecode.swift; path = TestModel.swift; sourceTree = "<group>"; };
		7A695C602AFB97B600A30281 /* DicModel.swift */ = {isa = PBXFileReference; lastKnownFileType = sourcecode.swift; path = DicModel.swift; sourceTree = "<group>"; };
		7A695C672AFE49CE00A30281 /* TransService.swift */ = {isa = PBXFileReference; lastKnownFileType = sourcecode.swift; path = TransService.swift; sourceTree = "<group>"; };
		7A695C692AFE4E5000A30281 /* TransSectionView.swift */ = {isa = PBXFileReference; lastKnownFileType = sourcecode.swift; path = TransSectionView.swift; sourceTree = "<group>"; };
		7A695C6B2AFFBFDC00A30281 /* TransSectionViewWithTwoLabels.swift */ = {isa = PBXFileReference; lastKnownFileType = sourcecode.swift; path = TransSectionViewWithTwoLabels.swift; sourceTree = "<group>"; };
		7A704CEB2B03AA7D00A8515B /* UILabel+Padding+Extension.swift */ = {isa = PBXFileReference; lastKnownFileType = sourcecode.swift; path = "UILabel+Padding+Extension.swift"; sourceTree = "<group>"; };
		7A70BE212AF66456008BC964 /* UIColor+Extension.swift */ = {isa = PBXFileReference; lastKnownFileType = sourcecode.swift; path = "UIColor+Extension.swift"; sourceTree = "<group>"; };
		7A70BE232AF6646F008BC964 /* UITextField+Extenstion.swift */ = {isa = PBXFileReference; lastKnownFileType = sourcecode.swift; path = "UITextField+Extenstion.swift"; sourceTree = "<group>"; };
		7A70BE252AF6648D008BC964 /* InsetTextField.swift */ = {isa = PBXFileReference; lastKnownFileType = sourcecode.swift; path = InsetTextField.swift; sourceTree = "<group>"; };
		7A70BE272AF664AB008BC964 /* UILabel+Extension.swift */ = {isa = PBXFileReference; lastKnownFileType = sourcecode.swift; path = "UILabel+Extension.swift"; sourceTree = "<group>"; };
		7A70BE2F2AF67369008BC964 /* TransViewController.swift */ = {isa = PBXFileReference; lastKnownFileType = sourcecode.swift; path = TransViewController.swift; sourceTree = "<group>"; };
		7A70BE342AF90D88008BC964 /* GmarketSansBold.otf */ = {isa = PBXFileReference; lastKnownFileType = file; path = GmarketSansBold.otf; sourceTree = "<group>"; };
		7A70BE352AF90D88008BC964 /* GmarketSansLight.otf */ = {isa = PBXFileReference; lastKnownFileType = file; path = GmarketSansLight.otf; sourceTree = "<group>"; };
		7A70BE362AF90D88008BC964 /* GmarketSansMedium.otf */ = {isa = PBXFileReference; lastKnownFileType = file; path = GmarketSansMedium.otf; sourceTree = "<group>"; };
		7A84B4862AB7E97700845EF4 /* Transmeme.app */ = {isa = PBXFileReference; explicitFileType = wrapper.application; includeInIndex = 0; path = Transmeme.app; sourceTree = BUILT_PRODUCTS_DIR; };
		7A84B4892AB7E97700845EF4 /* AppDelegate.swift */ = {isa = PBXFileReference; lastKnownFileType = sourcecode.swift; path = AppDelegate.swift; sourceTree = "<group>"; };
		7A84B48B2AB7E97700845EF4 /* SceneDelegate.swift */ = {isa = PBXFileReference; lastKnownFileType = sourcecode.swift; path = SceneDelegate.swift; sourceTree = "<group>"; };
		7A84B4922AB7E97800845EF4 /* Assets.xcassets */ = {isa = PBXFileReference; lastKnownFileType = folder.assetcatalog; path = Assets.xcassets; sourceTree = "<group>"; };
		7A84B4972AB7E97800845EF4 /* Info.plist */ = {isa = PBXFileReference; lastKnownFileType = text.plist.xml; path = Info.plist; sourceTree = "<group>"; };
		98A7778F2654E186EEBEC3A0 /* Pods_Transmeme.framework */ = {isa = PBXFileReference; explicitFileType = wrapper.framework; includeInIndex = 0; path = Pods_Transmeme.framework; sourceTree = BUILT_PRODUCTS_DIR; };
		E8DD9C0416F82F29AD13A168 /* Pods-Transmeme.release.xcconfig */ = {isa = PBXFileReference; includeInIndex = 1; lastKnownFileType = text.xcconfig; name = "Pods-Transmeme.release.xcconfig"; path = "Target Support Files/Pods-Transmeme/Pods-Transmeme.release.xcconfig"; sourceTree = "<group>"; };
/* End PBXFileReference section */

/* Begin PBXFrameworksBuildPhase section */
		7A84B4832AB7E97700845EF4 /* Frameworks */ = {
			isa = PBXFrameworksBuildPhase;
			buildActionMask = 2147483647;
			files = (
				139E21D4244D1E31B9BF3862 /* Pods_Transmeme.framework in Frameworks */,
			);
			runOnlyForDeploymentPostprocessing = 0;
		};
/* End PBXFrameworksBuildPhase section */

/* Begin PBXGroup section */
		3C3B7FBB12498E54BED5F455 /* Frameworks */ = {
			isa = PBXGroup;
			children = (
				98A7778F2654E186EEBEC3A0 /* Pods_Transmeme.framework */,
			);
			name = Frameworks;
			sourceTree = "<group>";
		};
		7A3AE934AC53726F9B094543 /* Pods */ = {
			isa = PBXGroup;
			children = (
				116A96A5834CDB6001D8C18A /* Pods-Transmeme.debug.xcconfig */,
				E8DD9C0416F82F29AD13A168 /* Pods-Transmeme.release.xcconfig */,
			);
			path = Pods;
			sourceTree = "<group>";
		};
		7A695C532AFB943C00A30281 /* Trans */ = {
			isa = PBXGroup;
			children = (
				7A70BE2F2AF67369008BC964 /* TransViewController.swift */,
				7A695C692AFE4E5000A30281 /* TransSectionView.swift */,
				7A695C6B2AFFBFDC00A30281 /* TransSectionViewWithTwoLabels.swift */,
			);
			path = Trans;
			sourceTree = "<group>";
		};
		7A695C542AFB944700A30281 /* Dic */ = {
			isa = PBXGroup;
			children = (
				1A7450052AF66B39007B22B2 /* DicViewController.swift */,
			);
			path = Dic;
			sourceTree = "<group>";
		};
		7A695C552AFB945600A30281 /* Test */ = {
			isa = PBXGroup;
			children = (
				1AF7C9372AFA9A0700D7AA47 /* Test1ViewController.swift */,
				1AF7C9422AFBCED400D7AA47 /* Test2ViewController.swift */,
				1AF7C9442AFBD27300D7AA47 /* Test3ViewController.swift */,
				1A061DAD2B021049006E5753 /* Test4ViewController.swift */,
				1A061DAF2B021057006E5753 /* Test5ViewController.swift */,
				1A061DB12B02125D006E5753 /* Test6ViewController.swift */,
				1A061DB32B021263006E5753 /* Test7ViewController.swift */,
				1A061DB52B021269006E5753 /* Test8ViewController.swift */,
				1A061DB72B021270006E5753 /* Test9ViewController.swift */,
				1A061DB92B021279006E5753 /* Test10ViewController.swift */,
				1A061DBB2B0212CB006E5753 /* TestEndViewController.swift */,
				1AF7C93A2AFB7B2400D7AA47 /* TestCorrectViewController.swift */,
				1AF7C93C2AFB7C3F00D7AA47 /* TestIncorrectViewController.swift */,
			);
			path = Test;
			sourceTree = "<group>";
		};
		7A695C562AFB946D00A30281 /* Controllers */ = {
			isa = PBXGroup;
			children = (
				7A695C4B2AFA9CCA00A30281 /* TabBarViewController.swift */,
				7A695C532AFB943C00A30281 /* Trans */,
				7A695C552AFB945600A30281 /* Test */,
				7A695C542AFB944700A30281 /* Dic */,
			);
			path = Controllers;
			sourceTree = "<group>";
		};
		7A695C572AFB96B900A30281 /* AppDelegate */ = {
			isa = PBXGroup;
			children = (
				7A84B48B2AB7E97700845EF4 /* SceneDelegate.swift */,
				7A84B4892AB7E97700845EF4 /* AppDelegate.swift */,
			);
			path = AppDelegate;
			sourceTree = "<group>";
		};
		7A695C582AFB975700A30281 /* Models */ = {
			isa = PBXGroup;
			children = (
				7A695C592AFB976500A30281 /* Trans */,
				7A695C5A2AFB976D00A30281 /* Test */,
				7A695C5B2AFB977500A30281 /* Dic */,
			);
			path = Models;
			sourceTree = "<group>";
		};
		7A695C592AFB976500A30281 /* Trans */ = {
			isa = PBXGroup;
			children = (
				7A695C5C2AFB97A100A30281 /* TransModel.swift */,
			);
			path = Trans;
			sourceTree = "<group>";
		};
		7A695C5A2AFB976D00A30281 /* Test */ = {
			isa = PBXGroup;
			children = (
				7A695C5E2AFB97AD00A30281 /* TestModel.swift */,
			);
			path = Test;
			sourceTree = "<group>";
		};
		7A695C5B2AFB977500A30281 /* Dic */ = {
			isa = PBXGroup;
			children = (
				7A695C602AFB97B600A30281 /* DicModel.swift */,
			);
			path = Dic;
			sourceTree = "<group>";
		};
		7A695C662AFE49B800A30281 /* Services */ = {
			isa = PBXGroup;
			children = (
				7A695C672AFE49CE00A30281 /* TransService.swift */,
			);
			path = Services;
			sourceTree = "<group>";
		};
		7A70BE202AF66438008BC964 /* Extensions */ = {
			isa = PBXGroup;
			children = (
				7A70BE212AF66456008BC964 /* UIColor+Extension.swift */,
				7A70BE232AF6646F008BC964 /* UITextField+Extenstion.swift */,
				7A70BE252AF6648D008BC964 /* InsetTextField.swift */,
				7A70BE272AF664AB008BC964 /* UILabel+Extension.swift */,
				1A7450032AF669DF007B22B2 /* PreviewExtension.swift */,
				1A061DBD2B03AD96006E5753 /* UILabel+Padding+Extension.swift */,
			);
			path = Extensions;
			sourceTree = "<group>";
		};
		7A70BE332AF90D6B008BC964 /* Fonts */ = {
			isa = PBXGroup;
			children = (
				7A70BE342AF90D88008BC964 /* GmarketSansBold.otf */,
				7A70BE352AF90D88008BC964 /* GmarketSansLight.otf */,
				7A70BE362AF90D88008BC964 /* GmarketSansMedium.otf */,
			);
			path = Fonts;
			sourceTree = "<group>";
		};
		7A84B47D2AB7E97700845EF4 = {
			isa = PBXGroup;
			children = (
				7A84B4882AB7E97700845EF4 /* Transmeme */,
				7A84B4872AB7E97700845EF4 /* Products */,
				7A3AE934AC53726F9B094543 /* Pods */,
				3C3B7FBB12498E54BED5F455 /* Frameworks */,
			);
			sourceTree = "<group>";
		};
		7A84B4872AB7E97700845EF4 /* Products */ = {
			isa = PBXGroup;
			children = (
				7A84B4862AB7E97700845EF4 /* Transmeme.app */,
			);
			name = Products;
			sourceTree = "<group>";
		};
		7A84B4882AB7E97700845EF4 /* Transmeme */ = {
			isa = PBXGroup;
			children = (
				7A695C562AFB946D00A30281 /* Controllers */,
				7A695C662AFE49B800A30281 /* Services */,
				7A695C582AFB975700A30281 /* Models */,
				7A70BE202AF66438008BC964 /* Extensions */,
				7A84B4922AB7E97800845EF4 /* Assets.xcassets */,
				1AE474A62AFFC95800656093 /* Splash.png */,
				7A695C4F2AFAA5B700A30281 /* Splash.storyboard */,
				7A84B4972AB7E97800845EF4 /* Info.plist */,
				7A695C572AFB96B900A30281 /* AppDelegate */,
				7A70BE332AF90D6B008BC964 /* Fonts */,
			);
			path = Transmeme;
			sourceTree = "<group>";
		};
/* End PBXGroup section */

/* Begin PBXNativeTarget section */
		7A84B4852AB7E97700845EF4 /* Transmeme */ = {
			isa = PBXNativeTarget;
			buildConfigurationList = 7A84B49A2AB7E97800845EF4 /* Build configuration list for PBXNativeTarget "Transmeme" */;
			buildPhases = (
				08DE4821FE65D1761EE3EE7B /* [CP] Check Pods Manifest.lock */,
				7A84B4822AB7E97700845EF4 /* Sources */,
				7A84B4832AB7E97700845EF4 /* Frameworks */,
				7A84B4842AB7E97700845EF4 /* Resources */,
				85A549D1F98FC33417B631DD /* [CP] Embed Pods Frameworks */,
			);
			buildRules = (
			);
			dependencies = (
			);
			name = Transmeme;
			productName = Transmeme;
			productReference = 7A84B4862AB7E97700845EF4 /* Transmeme.app */;
			productType = "com.apple.product-type.application";
		};
/* End PBXNativeTarget section */

/* Begin PBXProject section */
		7A84B47E2AB7E97700845EF4 /* Project object */ = {
			isa = PBXProject;
			attributes = {
				BuildIndependentTargetsInParallel = 1;
				LastSwiftUpdateCheck = 1430;
				LastUpgradeCheck = 1430;
				TargetAttributes = {
					7A84B4852AB7E97700845EF4 = {
						CreatedOnToolsVersion = 14.3.1;
					};
				};
			};
			buildConfigurationList = 7A84B4812AB7E97700845EF4 /* Build configuration list for PBXProject "Transmeme" */;
			compatibilityVersion = "Xcode 14.0";
			developmentRegion = en;
			hasScannedForEncodings = 0;
			knownRegions = (
				en,
				Base,
			);
			mainGroup = 7A84B47D2AB7E97700845EF4;
			productRefGroup = 7A84B4872AB7E97700845EF4 /* Products */;
			projectDirPath = "";
			projectRoot = "";
			targets = (
				7A84B4852AB7E97700845EF4 /* Transmeme */,
			);
		};
/* End PBXProject section */

/* Begin PBXResourcesBuildPhase section */
		7A84B4842AB7E97700845EF4 /* Resources */ = {
			isa = PBXResourcesBuildPhase;
			buildActionMask = 2147483647;
			files = (
				7A70BE372AF90D88008BC964 /* GmarketSansBold.otf in Resources */,
				7A84B4932AB7E97800845EF4 /* Assets.xcassets in Resources */,
				7A70BE382AF90D88008BC964 /* GmarketSansLight.otf in Resources */,
				7A70BE392AF90D88008BC964 /* GmarketSansMedium.otf in Resources */,
				1AE474A72AFFC95800656093 /* Splash.png in Resources */,
				7A695C502AFAA5B700A30281 /* Splash.storyboard in Resources */,
			);
			runOnlyForDeploymentPostprocessing = 0;
		};
/* End PBXResourcesBuildPhase section */

/* Begin PBXShellScriptBuildPhase section */
		08DE4821FE65D1761EE3EE7B /* [CP] Check Pods Manifest.lock */ = {
			isa = PBXShellScriptBuildPhase;
			buildActionMask = 2147483647;
			files = (
			);
			inputFileListPaths = (
			);
			inputPaths = (
				"${PODS_PODFILE_DIR_PATH}/Podfile.lock",
				"${PODS_ROOT}/Manifest.lock",
			);
			name = "[CP] Check Pods Manifest.lock";
			outputFileListPaths = (
			);
			outputPaths = (
				"$(DERIVED_FILE_DIR)/Pods-Transmeme-checkManifestLockResult.txt",
			);
			runOnlyForDeploymentPostprocessing = 0;
			shellPath = /bin/sh;
			shellScript = "diff \"${PODS_PODFILE_DIR_PATH}/Podfile.lock\" \"${PODS_ROOT}/Manifest.lock\" > /dev/null\nif [ $? != 0 ] ; then\n    # print error to STDERR\n    echo \"error: The sandbox is not in sync with the Podfile.lock. Run 'pod install' or update your CocoaPods installation.\" >&2\n    exit 1\nfi\n# This output is used by Xcode 'outputs' to avoid re-running this script phase.\necho \"SUCCESS\" > \"${SCRIPT_OUTPUT_FILE_0}\"\n";
			showEnvVarsInLog = 0;
		};
		85A549D1F98FC33417B631DD /* [CP] Embed Pods Frameworks */ = {
			isa = PBXShellScriptBuildPhase;
			buildActionMask = 2147483647;
			files = (
			);
			inputFileListPaths = (
				"${PODS_ROOT}/Target Support Files/Pods-Transmeme/Pods-Transmeme-frameworks-${CONFIGURATION}-input-files.xcfilelist",
			);
			name = "[CP] Embed Pods Frameworks";
			outputFileListPaths = (
				"${PODS_ROOT}/Target Support Files/Pods-Transmeme/Pods-Transmeme-frameworks-${CONFIGURATION}-output-files.xcfilelist",
			);
			runOnlyForDeploymentPostprocessing = 0;
			shellPath = /bin/sh;
			shellScript = "\"${PODS_ROOT}/Target Support Files/Pods-Transmeme/Pods-Transmeme-frameworks.sh\"\n";
			showEnvVarsInLog = 0;
		};
/* End PBXShellScriptBuildPhase section */

/* Begin PBXSourcesBuildPhase section */
		7A84B4822AB7E97700845EF4 /* Sources */ = {
			isa = PBXSourcesBuildPhase;
			buildActionMask = 2147483647;
			files = (
				1AF7C9452AFBD27300D7AA47 /* Test3ViewController.swift in Sources */,
				1AF7C9432AFBCED400D7AA47 /* Test2ViewController.swift in Sources */,
				1A7450042AF669DF007B22B2 /* PreviewExtension.swift in Sources */,
				7A695C4C2AFA9CCA00A30281 /* TabBarViewController.swift in Sources */,
				7A695C6C2AFFBFDC00A30281 /* TransSectionViewWithTwoLabels.swift in Sources */,
				1AF7C9392AFAC04300D7AA47 /* Test1ViewController.swift in Sources */,
				1AF7C9392AFAC04300D7AA47 /* Test1ViewController.swift in Sources */,
				1AF7C93B2AFB7B2400D7AA47 /* TestCorrectViewController.swift in Sources */,
				7A695C5D2AFB97A100A30281 /* TransModel.swift in Sources */,
				7A70BE242AF6646F008BC964 /* UITextField+Extenstion.swift in Sources */,
				1A7450062AF66B39007B22B2 /* DicViewController.swift in Sources */,
				7A84B48A2AB7E97700845EF4 /* AppDelegate.swift in Sources */,
				7A70BE282AF664AB008BC964 /* UILabel+Extension.swift in Sources */,
				7A70BE302AF67369008BC964 /* TransViewController.swift in Sources */,
				7A695C682AFE49CE00A30281 /* TransService.swift in Sources */,
				7A695C6A2AFE4E5000A30281 /* TransSectionView.swift in Sources */,
				1A061DBC2B0212CB006E5753 /* TestEndViewController.swift in Sources */,
				7A695C5F2AFB97AD00A30281 /* TestModel.swift in Sources */,
				1A061DBA2B021279006E5753 /* Test10ViewController.swift in Sources */,
				7A695C612AFB97B600A30281 /* DicModel.swift in Sources */,
				7A84B48C2AB7E97700845EF4 /* SceneDelegate.swift in Sources */,
				7A70BE222AF66456008BC964 /* UIColor+Extension.swift in Sources */,
				1A061DB22B02125D006E5753 /* Test6ViewController.swift in Sources */,
				1A061DB02B021057006E5753 /* Test5ViewController.swift in Sources */,
				1A061DB62B021269006E5753 /* Test8ViewController.swift in Sources */,
				7A70BE262AF6648D008BC964 /* InsetTextField.swift in Sources */,
				1A061DAE2B021049006E5753 /* Test4ViewController.swift in Sources */,
				1AF7C93D2AFB7C3F00D7AA47 /* TestIncorrectViewController.swift in Sources */,
				1A061DBE2B03AD96006E5753 /* UILabel+Padding+Extension.swift in Sources */,
				1A061DB42B021263006E5753 /* Test7ViewController.swift in Sources */,
				1A061DB82B021270006E5753 /* Test9ViewController.swift in Sources */,
			);
			runOnlyForDeploymentPostprocessing = 0;
		};
/* End PBXSourcesBuildPhase section */

/* Begin XCBuildConfiguration section */
		7A84B4982AB7E97800845EF4 /* Debug */ = {
			isa = XCBuildConfiguration;
			buildSettings = {
				ALWAYS_SEARCH_USER_PATHS = NO;
				CLANG_ANALYZER_NONNULL = YES;
				CLANG_ANALYZER_NUMBER_OBJECT_CONVERSION = YES_AGGRESSIVE;
				CLANG_CXX_LANGUAGE_STANDARD = "gnu++20";
				CLANG_ENABLE_MODULES = YES;
				CLANG_ENABLE_OBJC_ARC = YES;
				CLANG_ENABLE_OBJC_WEAK = YES;
				CLANG_WARN_BLOCK_CAPTURE_AUTORELEASING = YES;
				CLANG_WARN_BOOL_CONVERSION = YES;
				CLANG_WARN_COMMA = YES;
				CLANG_WARN_CONSTANT_CONVERSION = YES;
				CLANG_WARN_DEPRECATED_OBJC_IMPLEMENTATIONS = YES;
				CLANG_WARN_DIRECT_OBJC_ISA_USAGE = YES_ERROR;
				CLANG_WARN_DOCUMENTATION_COMMENTS = YES;
				CLANG_WARN_EMPTY_BODY = YES;
				CLANG_WARN_ENUM_CONVERSION = YES;
				CLANG_WARN_INFINITE_RECURSION = YES;
				CLANG_WARN_INT_CONVERSION = YES;
				CLANG_WARN_NON_LITERAL_NULL_CONVERSION = YES;
				CLANG_WARN_OBJC_IMPLICIT_RETAIN_SELF = YES;
				CLANG_WARN_OBJC_LITERAL_CONVERSION = YES;
				CLANG_WARN_OBJC_ROOT_CLASS = YES_ERROR;
				CLANG_WARN_QUOTED_INCLUDE_IN_FRAMEWORK_HEADER = YES;
				CLANG_WARN_RANGE_LOOP_ANALYSIS = YES;
				CLANG_WARN_STRICT_PROTOTYPES = YES;
				CLANG_WARN_SUSPICIOUS_MOVE = YES;
				CLANG_WARN_UNGUARDED_AVAILABILITY = YES_AGGRESSIVE;
				CLANG_WARN_UNREACHABLE_CODE = YES;
				CLANG_WARN__DUPLICATE_METHOD_MATCH = YES;
				COPY_PHASE_STRIP = NO;
				DEBUG_INFORMATION_FORMAT = dwarf;
				ENABLE_STRICT_OBJC_MSGSEND = YES;
				ENABLE_TESTABILITY = YES;
				GCC_C_LANGUAGE_STANDARD = gnu11;
				GCC_DYNAMIC_NO_PIC = NO;
				GCC_NO_COMMON_BLOCKS = YES;
				GCC_OPTIMIZATION_LEVEL = 0;
				GCC_PREPROCESSOR_DEFINITIONS = (
					"DEBUG=1",
					"$(inherited)",
				);
				GCC_WARN_64_TO_32_BIT_CONVERSION = YES;
				GCC_WARN_ABOUT_RETURN_TYPE = YES_ERROR;
				GCC_WARN_UNDECLARED_SELECTOR = YES;
				GCC_WARN_UNINITIALIZED_AUTOS = YES_AGGRESSIVE;
				GCC_WARN_UNUSED_FUNCTION = YES;
				GCC_WARN_UNUSED_VARIABLE = YES;
				IPHONEOS_DEPLOYMENT_TARGET = 16.4;
				MTL_ENABLE_DEBUG_INFO = INCLUDE_SOURCE;
				MTL_FAST_MATH = YES;
				ONLY_ACTIVE_ARCH = YES;
				SDKROOT = iphoneos;
				SWIFT_ACTIVE_COMPILATION_CONDITIONS = DEBUG;
				SWIFT_OPTIMIZATION_LEVEL = "-Onone";
			};
			name = Debug;
		};
		7A84B4992AB7E97800845EF4 /* Release */ = {
			isa = XCBuildConfiguration;
			buildSettings = {
				ALWAYS_SEARCH_USER_PATHS = NO;
				CLANG_ANALYZER_NONNULL = YES;
				CLANG_ANALYZER_NUMBER_OBJECT_CONVERSION = YES_AGGRESSIVE;
				CLANG_CXX_LANGUAGE_STANDARD = "gnu++20";
				CLANG_ENABLE_MODULES = YES;
				CLANG_ENABLE_OBJC_ARC = YES;
				CLANG_ENABLE_OBJC_WEAK = YES;
				CLANG_WARN_BLOCK_CAPTURE_AUTORELEASING = YES;
				CLANG_WARN_BOOL_CONVERSION = YES;
				CLANG_WARN_COMMA = YES;
				CLANG_WARN_CONSTANT_CONVERSION = YES;
				CLANG_WARN_DEPRECATED_OBJC_IMPLEMENTATIONS = YES;
				CLANG_WARN_DIRECT_OBJC_ISA_USAGE = YES_ERROR;
				CLANG_WARN_DOCUMENTATION_COMMENTS = YES;
				CLANG_WARN_EMPTY_BODY = YES;
				CLANG_WARN_ENUM_CONVERSION = YES;
				CLANG_WARN_INFINITE_RECURSION = YES;
				CLANG_WARN_INT_CONVERSION = YES;
				CLANG_WARN_NON_LITERAL_NULL_CONVERSION = YES;
				CLANG_WARN_OBJC_IMPLICIT_RETAIN_SELF = YES;
				CLANG_WARN_OBJC_LITERAL_CONVERSION = YES;
				CLANG_WARN_OBJC_ROOT_CLASS = YES_ERROR;
				CLANG_WARN_QUOTED_INCLUDE_IN_FRAMEWORK_HEADER = YES;
				CLANG_WARN_RANGE_LOOP_ANALYSIS = YES;
				CLANG_WARN_STRICT_PROTOTYPES = YES;
				CLANG_WARN_SUSPICIOUS_MOVE = YES;
				CLANG_WARN_UNGUARDED_AVAILABILITY = YES_AGGRESSIVE;
				CLANG_WARN_UNREACHABLE_CODE = YES;
				CLANG_WARN__DUPLICATE_METHOD_MATCH = YES;
				COPY_PHASE_STRIP = NO;
				DEBUG_INFORMATION_FORMAT = "dwarf-with-dsym";
				ENABLE_NS_ASSERTIONS = NO;
				ENABLE_STRICT_OBJC_MSGSEND = YES;
				GCC_C_LANGUAGE_STANDARD = gnu11;
				GCC_NO_COMMON_BLOCKS = YES;
				GCC_WARN_64_TO_32_BIT_CONVERSION = YES;
				GCC_WARN_ABOUT_RETURN_TYPE = YES_ERROR;
				GCC_WARN_UNDECLARED_SELECTOR = YES;
				GCC_WARN_UNINITIALIZED_AUTOS = YES_AGGRESSIVE;
				GCC_WARN_UNUSED_FUNCTION = YES;
				GCC_WARN_UNUSED_VARIABLE = YES;
				IPHONEOS_DEPLOYMENT_TARGET = 16.4;
				MTL_ENABLE_DEBUG_INFO = NO;
				MTL_FAST_MATH = YES;
				SDKROOT = iphoneos;
				SWIFT_COMPILATION_MODE = wholemodule;
				SWIFT_OPTIMIZATION_LEVEL = "-O";
				VALIDATE_PRODUCT = YES;
			};
			name = Release;
		};
		7A84B49B2AB7E97800845EF4 /* Debug */ = {
			isa = XCBuildConfiguration;
			baseConfigurationReference = 116A96A5834CDB6001D8C18A /* Pods-Transmeme.debug.xcconfig */;
			buildSettings = {
				ASSETCATALOG_COMPILER_APPICON_NAME = AppIcon;
				ASSETCATALOG_COMPILER_GLOBAL_ACCENT_COLOR_NAME = AccentColor;
				CODE_SIGN_STYLE = Automatic;
				CURRENT_PROJECT_VERSION = 1;
				DEVELOPMENT_TEAM = Y7V766KDKR;
				GENERATE_INFOPLIST_FILE = YES;
				INFOPLIST_FILE = Transmeme/Info.plist;
				INFOPLIST_KEY_UIApplicationSupportsIndirectInputEvents = YES;
				INFOPLIST_KEY_UILaunchStoryboardName = Splash;
				INFOPLIST_KEY_UISupportedInterfaceOrientations_iPad = "UIInterfaceOrientationPortrait UIInterfaceOrientationPortraitUpsideDown UIInterfaceOrientationLandscapeLeft UIInterfaceOrientationLandscapeRight";
				INFOPLIST_KEY_UISupportedInterfaceOrientations_iPhone = "UIInterfaceOrientationPortrait UIInterfaceOrientationLandscapeLeft UIInterfaceOrientationLandscapeRight";
				IPHONEOS_DEPLOYMENT_TARGET = 16.4;
				LD_RUNPATH_SEARCH_PATHS = (
					"$(inherited)",
					"@executable_path/Frameworks",
				);
				MARKETING_VERSION = 1.0;
				PRODUCT_BUNDLE_IDENTIFIER = com.Heize.Transmeme;
				PRODUCT_NAME = "$(TARGET_NAME)";
				SWIFT_EMIT_LOC_STRINGS = YES;
				SWIFT_VERSION = 5.0;
				TARGETED_DEVICE_FAMILY = "1,2";
			};
			name = Debug;
		};
		7A84B49C2AB7E97800845EF4 /* Release */ = {
			isa = XCBuildConfiguration;
			baseConfigurationReference = E8DD9C0416F82F29AD13A168 /* Pods-Transmeme.release.xcconfig */;
			buildSettings = {
				ASSETCATALOG_COMPILER_APPICON_NAME = AppIcon;
				ASSETCATALOG_COMPILER_GLOBAL_ACCENT_COLOR_NAME = AccentColor;
				CODE_SIGN_STYLE = Automatic;
				CURRENT_PROJECT_VERSION = 1;
				DEVELOPMENT_TEAM = Y7V766KDKR;
				GENERATE_INFOPLIST_FILE = YES;
				INFOPLIST_FILE = Transmeme/Info.plist;
				INFOPLIST_KEY_UIApplicationSupportsIndirectInputEvents = YES;
				INFOPLIST_KEY_UILaunchStoryboardName = Splash;
				INFOPLIST_KEY_UISupportedInterfaceOrientations_iPad = "UIInterfaceOrientationPortrait UIInterfaceOrientationPortraitUpsideDown UIInterfaceOrientationLandscapeLeft UIInterfaceOrientationLandscapeRight";
				INFOPLIST_KEY_UISupportedInterfaceOrientations_iPhone = "UIInterfaceOrientationPortrait UIInterfaceOrientationLandscapeLeft UIInterfaceOrientationLandscapeRight";
				IPHONEOS_DEPLOYMENT_TARGET = 16.4;
				LD_RUNPATH_SEARCH_PATHS = (
					"$(inherited)",
					"@executable_path/Frameworks",
				);
				MARKETING_VERSION = 1.0;
				PRODUCT_BUNDLE_IDENTIFIER = com.Heize.Transmeme;
				PRODUCT_NAME = "$(TARGET_NAME)";
				SWIFT_EMIT_LOC_STRINGS = YES;
				SWIFT_VERSION = 5.0;
				TARGETED_DEVICE_FAMILY = "1,2";
			};
			name = Release;
		};
/* End XCBuildConfiguration section */

/* Begin XCConfigurationList section */
		7A84B4812AB7E97700845EF4 /* Build configuration list for PBXProject "Transmeme" */ = {
			isa = XCConfigurationList;
			buildConfigurations = (
				7A84B4982AB7E97800845EF4 /* Debug */,
				7A84B4992AB7E97800845EF4 /* Release */,
			);
			defaultConfigurationIsVisible = 0;
			defaultConfigurationName = Release;
		};
		7A84B49A2AB7E97800845EF4 /* Build configuration list for PBXNativeTarget "Transmeme" */ = {
			isa = XCConfigurationList;
			buildConfigurations = (
				7A84B49B2AB7E97800845EF4 /* Debug */,
				7A84B49C2AB7E97800845EF4 /* Release */,
			);
			defaultConfigurationIsVisible = 0;
			defaultConfigurationName = Release;
		};
/* End XCConfigurationList section */
	};
	rootObject = 7A84B47E2AB7E97700845EF4 /* Project object */;
}
